{
  "name": "winter-battlesnake-board",
  "lockfileVersion": 3,
  "requires": true,
  "packages": {
    "": {
      "name": "winter-battlesnake-board",
      "dependencies": {
        "battlesnake-board": "github:BattlesnakeOfficial/board"
      }
    },
    "node_modules/battlesnake-board": {
      "name": "board",
      "version": "0.0.1",
      "resolved": "git+ssh://git@github.com/BattlesnakeOfficial/board.git#df888019740b48a588a333e49b1473f10bc3b121"
    }
  }
}
